
Microsoft Visual Studio Solution File, Format Version 12.00
# Visual Studio Version 17
VisualStudioVersion = 17.2.32505.173
MinimumVisualStudioVersion = 10.0.40219.1
Project("{9A19103F-16F7-4668-BE54-9A1E7A4F7556}") = "Puffix.IoC", "Puffix.IoC\Puffix.IoC.csproj", "{6F475335-351B-489F-8191-8CB2AA1BF7B4}"
EndProject
Project("{2150E333-8FDC-42A3-9474-1A3956D46DE8}") = "GithubBuild", "GithubBuild", "{4DD60296-EC7A-4A86-B05C-A5E15CC88685}"
	ProjectSection(SolutionItems) = preProject
		.github\workflows\dotnet-core.yml = .github\workflows\dotnet-core.yml
	EndProjectSection
EndProject
Project("{2150E333-8FDC-42A3-9474-1A3956D46DE8}") = "Documentation", "Documentation", "{2FF37352-1BF2-426B-9D5C-F7AD427EE85A}"
	ProjectSection(SolutionItems) = preProject
		README.md = README.md
	EndProjectSection
EndProject
Global
	GlobalSection(SolutionConfigurationPlatforms) = preSolution
		Debug|Any CPU = Debug|Any CPU
		Release|Any CPU = Release|Any CPU
	EndGlobalSection
	GlobalSection(ProjectConfigurationPlatforms) = postSolution
		{6F475335-351B-489F-8191-8CB2AA1BF7B4}.Debug|Any CPU.ActiveCfg = Debug|Any CPU
		{6F475335-351B-489F-8191-8CB2AA1BF7B4}.Debug|Any CPU.Build.0 = Debug|Any CPU
		{6F475335-351B-489F-8191-8CB2AA1BF7B4}.Release|Any CPU.ActiveCfg = Release|Any CPU
		{6F475335-351B-489F-8191-8CB2AA1BF7B4}.Release|Any CPU.Build.0 = Release|Any CPU
	EndGlobalSection
	GlobalSection(SolutionProperties) = preSolution
		HideSolutionNode = FALSE
	EndGlobalSection
	GlobalSection(ExtensibilityGlobals) = postSolution
		SolutionGuid = {4315C02B-7303-4C1D-B788-8029FEA5D6D9}
	EndGlobalSection
EndGlobal
